
Microsoft Visual Studio Solution File, Format Version 12.00
# Visual Studio Version 16
VisualStudioVersion = 16.0.33328.57
MinimumVisualStudioVersion = 10.0.40219.1
Project("{FAE04EC0-301F-11D3-BF4B-00C04F79EFBC}") = "DataAccess", "DataAccess\DataAccess.csproj", "{E42702AA-FE90-4B85-9691-1D772305DF3F}"
EndProject
Project("{FAE04EC0-301F-11D3-BF4B-00C04F79EFBC}") = "Entities", "Entities\Entities.csproj", "{37E5E053-56F7-4947-A463-A66ED807638A}"
EndProject
Project("{FAE04EC0-301F-11D3-BF4B-00C04F79EFBC}") = "Business", "Business\Business.csproj", "{A29625FF-EC02-4C8C-9D71-685FBB171008}"
EndProject
Project("{FAE04EC0-301F-11D3-BF4B-00C04F79EFBC}") = "ConsoleUI", "ConsoleUI\ConsoleUI.csproj", "{AEFB9164-4A92-4330-B424-2BF415E69B21}"
EndProject
Global
	GlobalSection(SolutionConfigurationPlatforms) = preSolution
		Debug|Any CPU = Debug|Any CPU
		Release|Any CPU = Release|Any CPU
	EndGlobalSection
	GlobalSection(ProjectConfigurationPlatforms) = postSolution
		{E42702AA-FE90-4B85-9691-1D772305DF3F}.Debug|Any CPU.ActiveCfg = Debug|Any CPU
		{E42702AA-FE90-4B85-9691-1D772305DF3F}.Debug|Any CPU.Build.0 = Debug|Any CPU
		{E42702AA-FE90-4B85-9691-1D772305DF3F}.Release|Any CPU.ActiveCfg = Release|Any CPU
		{E42702AA-FE90-4B85-9691-1D772305DF3F}.Release|Any CPU.Build.0 = Release|Any CPU
		{37E5E053-56F7-4947-A463-A66ED807638A}.Debug|Any CPU.ActiveCfg = Debug|Any CPU
		{37E5E053-56F7-4947-A463-A66ED807638A}.Debug|Any CPU.Build.0 = Debug|Any CPU
		{37E5E053-56F7-4947-A463-A66ED807638A}.Release|Any CPU.ActiveCfg = Release|Any CPU
		{37E5E053-56F7-4947-A463-A66ED807638A}.Release|Any CPU.Build.0 = Release|Any CPU
		{A29625FF-EC02-4C8C-9D71-685FBB171008}.Debug|Any CPU.ActiveCfg = Debug|Any CPU
		{A29625FF-EC02-4C8C-9D71-685FBB171008}.Debug|Any CPU.Build.0 = Debug|Any CPU
		{A29625FF-EC02-4C8C-9D71-685FBB171008}.Release|Any CPU.ActiveCfg = Release|Any CPU
		{A29625FF-EC02-4C8C-9D71-685FBB171008}.Release|Any CPU.Build.0 = Release|Any CPU
		{AEFB9164-4A92-4330-B424-2BF415E69B21}.Debug|Any CPU.ActiveCfg = Debug|Any CPU
		{AEFB9164-4A92-4330-B424-2BF415E69B21}.Debug|Any CPU.Build.0 = Debug|Any CPU
		{AEFB9164-4A92-4330-B424-2BF415E69B21}.Release|Any CPU.ActiveCfg = Release|Any CPU
		{AEFB9164-4A92-4330-B424-2BF415E69B21}.Release|Any CPU.Build.0 = Release|Any CPU
	EndGlobalSection
	GlobalSection(SolutionProperties) = preSolution
		HideSolutionNode = FALSE
	EndGlobalSection
	GlobalSection(ExtensibilityGlobals) = postSolution
		SolutionGuid = {E4CC0AAA-9C2C-454D-9138-5402706BDC82}
	EndGlobalSection
EndGlobal
